
Microsoft Visual Studio Solution File, Format Version 12.00
# Visual Studio Version 16
VisualStudioVersion = 16.0.31624.102
MinimumVisualStudioVersion = 10.0.40219.1
Project("{2150E333-8FDC-42A3-9474-1A3956D46DE8}") = "Src", "Src", "{214481BE-6817-412A-A9C6-6EF0DB68C002}"
EndProject
Project("{2150E333-8FDC-42A3-9474-1A3956D46DE8}") = "Tests", "Tests", "{F5EB1AD3-04EE-4ED9-9500-8A239D99DB25}"
EndProject
Project("{2150E333-8FDC-42A3-9474-1A3956D46DE8}") = "Doc", "Doc", "{7DE8A1B9-BD38-47A0-AE82-2A520F5B626A}"
EndProject
Project("{2150E333-8FDC-42A3-9474-1A3956D46DE8}") = "Solution Items", "Solution Items", "{6C528299-BA6A-4E7B-BD81-93E88FCA4C71}"
EndProject
Project("{2150E333-8FDC-42A3-9474-1A3956D46DE8}") = "Core", "Core", "{5D5A6E50-D2E0-4F38-BCEC-25A05688001C}"
EndProject
Project("{FAE04EC0-301F-11D3-BF4B-00C04F79EFBC}") = "Domian", "Domian\Domian.csproj", "{D85C0999-C7BD-4F62-B244-4B873A306BCC}"
EndProject
Project("{FAE04EC0-301F-11D3-BF4B-00C04F79EFBC}") = "Application", "Application\Application.csproj", "{1E59AD60-04FC-4C5D-873A-A4670DFAC229}"
EndProject
Project("{2150E333-8FDC-42A3-9474-1A3956D46DE8}") = "Presentation", "Presentation", "{CA26CFD3-34B8-4EEE-B06C-8CA2A516A124}"
EndProject
Project("{2150E333-8FDC-42A3-9474-1A3956D46DE8}") = "Infrastructures", "Infrastructures", "{1ADC3AE3-978E-4499-9C0D-62A292C57E07}"
EndProject
Project("{FAE04EC0-301F-11D3-BF4B-00C04F79EFBC}") = "Persistence", "Persistence\Persistence.csproj", "{D627860B-BE60-4B2D-B75E-C3EA675A9B73}"
EndProject
Project("{FAE04EC0-301F-11D3-BF4B-00C04F79EFBC}") = "Infrastructure", "Infrastructure\Infrastructure.csproj", "{776DE9AF-BCD0-40B9-9B6F-D9061E962AB5}"
EndProject
Project("{FAE04EC0-301F-11D3-BF4B-00C04F79EFBC}") = "Website.Endpoint", "Website.Endpoint\Website.Endpoint.csproj", "{415D80CC-75F8-4FED-8B84-761C6608F66B}"
EndProject
Global
	GlobalSection(SolutionConfigurationPlatforms) = preSolution
		Debug|Any CPU = Debug|Any CPU
		Release|Any CPU = Release|Any CPU
	EndGlobalSection
	GlobalSection(ProjectConfigurationPlatforms) = postSolution
		{D85C0999-C7BD-4F62-B244-4B873A306BCC}.Debug|Any CPU.ActiveCfg = Debug|Any CPU
		{D85C0999-C7BD-4F62-B244-4B873A306BCC}.Debug|Any CPU.Build.0 = Debug|Any CPU
		{D85C0999-C7BD-4F62-B244-4B873A306BCC}.Release|Any CPU.ActiveCfg = Release|Any CPU
		{D85C0999-C7BD-4F62-B244-4B873A306BCC}.Release|Any CPU.Build.0 = Release|Any CPU
		{1E59AD60-04FC-4C5D-873A-A4670DFAC229}.Debug|Any CPU.ActiveCfg = Debug|Any CPU
		{1E59AD60-04FC-4C5D-873A-A4670DFAC229}.Debug|Any CPU.Build.0 = Debug|Any CPU
		{1E59AD60-04FC-4C5D-873A-A4670DFAC229}.Release|Any CPU.ActiveCfg = Release|Any CPU
		{1E59AD60-04FC-4C5D-873A-A4670DFAC229}.Release|Any CPU.Build.0 = Release|Any CPU
		{D627860B-BE60-4B2D-B75E-C3EA675A9B73}.Debug|Any CPU.ActiveCfg = Debug|Any CPU
		{D627860B-BE60-4B2D-B75E-C3EA675A9B73}.Debug|Any CPU.Build.0 = Debug|Any CPU
		{D627860B-BE60-4B2D-B75E-C3EA675A9B73}.Release|Any CPU.ActiveCfg = Release|Any CPU
		{D627860B-BE60-4B2D-B75E-C3EA675A9B73}.Release|Any CPU.Build.0 = Release|Any CPU
		{776DE9AF-BCD0-40B9-9B6F-D9061E962AB5}.Debug|Any CPU.ActiveCfg = Debug|Any CPU
		{776DE9AF-BCD0-40B9-9B6F-D9061E962AB5}.Debug|Any CPU.Build.0 = Debug|Any CPU
		{776DE9AF-BCD0-40B9-9B6F-D9061E962AB5}.Release|Any CPU.ActiveCfg = Release|Any CPU
		{776DE9AF-BCD0-40B9-9B6F-D9061E962AB5}.Release|Any CPU.Build.0 = Release|Any CPU
		{415D80CC-75F8-4FED-8B84-761C6608F66B}.Debug|Any CPU.ActiveCfg = Debug|Any CPU
		{415D80CC-75F8-4FED-8B84-761C6608F66B}.Debug|Any CPU.Build.0 = Debug|Any CPU
		{415D80CC-75F8-4FED-8B84-761C6608F66B}.Release|Any CPU.ActiveCfg = Release|Any CPU
		{415D80CC-75F8-4FED-8B84-761C6608F66B}.Release|Any CPU.Build.0 = Release|Any CPU
	EndGlobalSection
	GlobalSection(SolutionProperties) = preSolution
		HideSolutionNode = FALSE
	EndGlobalSection
	GlobalSection(NestedProjects) = preSolution
		{5D5A6E50-D2E0-4F38-BCEC-25A05688001C} = {214481BE-6817-412A-A9C6-6EF0DB68C002}
		{D85C0999-C7BD-4F62-B244-4B873A306BCC} = {5D5A6E50-D2E0-4F38-BCEC-25A05688001C}
		{1E59AD60-04FC-4C5D-873A-A4670DFAC229} = {5D5A6E50-D2E0-4F38-BCEC-25A05688001C}
		{CA26CFD3-34B8-4EEE-B06C-8CA2A516A124} = {214481BE-6817-412A-A9C6-6EF0DB68C002}
		{1ADC3AE3-978E-4499-9C0D-62A292C57E07} = {214481BE-6817-412A-A9C6-6EF0DB68C002}
		{D627860B-BE60-4B2D-B75E-C3EA675A9B73} = {1ADC3AE3-978E-4499-9C0D-62A292C57E07}
		{776DE9AF-BCD0-40B9-9B6F-D9061E962AB5} = {1ADC3AE3-978E-4499-9C0D-62A292C57E07}
		{415D80CC-75F8-4FED-8B84-761C6608F66B} = {CA26CFD3-34B8-4EEE-B06C-8CA2A516A124}
	EndGlobalSection
	GlobalSection(ExtensibilityGlobals) = postSolution
		SolutionGuid = {F4C222B8-B3C9-4729-A6F8-2F0F1D5B12D0}
	EndGlobalSection
EndGlobal
